github.com/hashicorp/golang-lru v0.5.4 h1:YDjusn29QI/Das2iO9M0BHnIbxPeyuCHsjMW+lJfyTc=
github.com/hashicorp/golang-lru v0.5.4/go.mod h1:iADmTwqILo4mZ8BN3D2Q6+9jd8WM5uGBxy+E8yxSoD4=
github.com/lib/pq v1.10.9 h1:YXG7RB+JIjhP29X+OtkiDnYaXQwpS4JEWq7dtCCRUEw=
github.com/lib/pq v1.10.9/go.mod h1:AlVN5x4E4T544tWzH6hKfbfQvm3HdbOxrmggDNAPY9o=
github.com/tdewolff/minify/v2 v2.21.1 h1:AAf5iltw6+KlUvjRNPAPrANIXl3XEJNBBzuZom5iCAM=
github.com/tdewolff/minify/v2 v2.21.1/go.mod h1:PoqFH8ugcuTUvKqVM9vOqXw4msxvuhL/DTmV5ZXhSCI=
github.com/tdewolff/parse/v2 v2.7.18 h1:uSqjEMT2lwCj5oifBHDcWU2kN1pbLrRENgFWDJa57eI=
github.com/tdewolff/parse/v2 v2.7.18/go.mod h1:3FbJWZp3XT9OWVN3Hmfp0p/a08v4h8J9W1aghka0soA=
github.com/tdewolff/test v1.0.11-0.20231101010635-f1265d231d52/go.mod h1:6DAvZliBAAnD7rhVgwaM7DE5/d9NMOAJ09SqYqeK4QE=
github.com/ua-parser/uap-go v0.0.0-20241012191800-bbb40edc15aa h1:VzPR4xFM7HARqNocjdHg75ZL9SAgFtaF3P57ZdDcG6I=
github.com/ua-parser/uap-go v0.0.0-20241012191800-bbb40edc15aa/go.mod h1:BUbeWZiieNxAuuADTBNb3/aeje6on3DhU3rpWsQSB1E=
gopkg.in/check.v1 v0.0.0-20161208181325-20d25e280405/go.mod h1:Co6ibVJAznAaIkqp8huTwlJQCZ016jof/cbN4VW5Yz0=
gopkg.in/yaml.v2 v2.2.1 h1:mUhvW9EsL+naU5Q3cakzfE91YhliOondGd6ZrsDBHQE=
gopkg.in/yaml.v2 v2.2.1/go.mod h1:hI93XBmqTisBFMUTm0b8Fm+jr3Dg1NNxqwp+5A1VGuI=
